
Microsoft Visual Studio Solution File, Format Version 12.00
# Visual Studio Version 17
VisualStudioVersion = 17.3.32929.385
MinimumVisualStudioVersion = 10.0.40219.1
Project("{FAE04EC0-301F-11D3-BF4B-00C04F79EFBC}") = "AsyncTaskDemo", "AsyncTaskDemo\AsyncTaskDemo.csproj", "{55B7871C-5FBF-4338-ACB8-58E1C78A4FDC}"
EndProject
Global
	GlobalSection(SolutionConfigurationPlatforms) = preSolution
		Debug|Any CPU = Debug|Any CPU
		Release|Any CPU = Release|Any CPU
	EndGlobalSection
	GlobalSection(ProjectConfigurationPlatforms) = postSolution
		{55B7871C-5FBF-4338-ACB8-58E1C78A4FDC}.Debug|Any CPU.ActiveCfg = Debug|Any CPU
		{55B7871C-5FBF-4338-ACB8-58E1C78A4FDC}.Debug|Any CPU.Build.0 = Debug|Any CPU
		{55B7871C-5FBF-4338-ACB8-58E1C78A4FDC}.Release|Any CPU.ActiveCfg = Release|Any CPU
		{55B7871C-5FBF-4338-ACB8-58E1C78A4FDC}.Release|Any CPU.Build.0 = Release|Any CPU
	EndGlobalSection
	GlobalSection(SolutionProperties) = preSolution
		HideSolutionNode = FALSE
	EndGlobalSection
	GlobalSection(ExtensibilityGlobals) = postSolution
		SolutionGuid = {0F27FEF5-FEE6-44AE-A540-E8570C29A75E}
	EndGlobalSection
EndGlobal
